// !$*UTF8*$!
{
	archiveVersion = 1;
	classes = {
	};
	objectVersion = 55;
	objects = {

/* Begin PBXBuildFile section */
		8E168A8027BD02DA00816E99 /* UIColor+.swift in Sources */ = {isa = PBXBuildFile; fileRef = 8E168A7F27BD02DA00816E99 /* UIColor+.swift */; };
		8E8538C627CA3CAE007C3869 /* SnapKit in Frameworks */ = {isa = PBXBuildFile; productRef = 8E8538C527CA3CAE007C3869 /* SnapKit */; };
		8E8B673527BD1D7300FE3FEC /* GoogleService-Info.plist in Resources */ = {isa = PBXBuildFile; fileRef = 8E8B673427BD1D7300FE3FEC /* GoogleService-Info.plist */; };
		8E8B673827BD3B2300FE3FEC /* FirebaseAuth in Frameworks */ = {isa = PBXBuildFile; productRef = 8E8B673727BD3B2300FE3FEC /* FirebaseAuth */; };
		8E8B673A27BD3B2300FE3FEC /* FirebaseDatabase in Frameworks */ = {isa = PBXBuildFile; productRef = 8E8B673927BD3B2300FE3FEC /* FirebaseDatabase */; };
		8E8B673C27BD3B2300FE3FEC /* FirebaseStorage in Frameworks */ = {isa = PBXBuildFile; productRef = 8E8B673B27BD3B2300FE3FEC /* FirebaseStorage */; };
		8E8B673E27BE0AE200FE3FEC /* MainTabBarController.swift in Sources */ = {isa = PBXBuildFile; fileRef = 8E8B673D27BE0AE200FE3FEC /* MainTabBarController.swift */; };
		8E8B674027BE0C1300FE3FEC /* UserProfileController.swift in Sources */ = {isa = PBXBuildFile; fileRef = 8E8B673F27BE0C1300FE3FEC /* UserProfileController.swift */; };
		8E8B674427BE5E5700FE3FEC /* UserProfilerHeader.swift in Sources */ = {isa = PBXBuildFile; fileRef = 8E8B674327BE5E5700FE3FEC /* UserProfilerHeader.swift */; };
		8E8B674727BE7D1A00FE3FEC /* User.swift in Sources */ = {isa = PBXBuildFile; fileRef = 8E8B674627BE7D1A00FE3FEC /* User.swift */; };
		8EB7C0D727BCC0F4003B4047 /* AppDelegate.swift in Sources */ = {isa = PBXBuildFile; fileRef = 8EB7C0D627BCC0F4003B4047 /* AppDelegate.swift */; };
		8EB7C0D927BCC0F4003B4047 /* SceneDelegate.swift in Sources */ = {isa = PBXBuildFile; fileRef = 8EB7C0D827BCC0F4003B4047 /* SceneDelegate.swift */; };
		8EB7C0DB27BCC0F4003B4047 /* SignUpController.swift in Sources */ = {isa = PBXBuildFile; fileRef = 8EB7C0DA27BCC0F4003B4047 /* SignUpController.swift */; };
		8EB7C0DE27BCC0F4003B4047 /* Main.storyboard in Resources */ = {isa = PBXBuildFile; fileRef = 8EB7C0DC27BCC0F4003B4047 /* Main.storyboard */; };
		8EB7C0E027BCC0F7003B4047 /* Assets.xcassets in Resources */ = {isa = PBXBuildFile; fileRef = 8EB7C0DF27BCC0F7003B4047 /* Assets.xcassets */; };
		8EB7C0E327BCC0F7003B4047 /* LaunchScreen.storyboard in Resources */ = {isa = PBXBuildFile; fileRef = 8EB7C0E127BCC0F7003B4047 /* LaunchScreen.storyboard */; };
		8EDD336827CDF0D500814BA0 /* LoginController.swift in Sources */ = {isa = PBXBuildFile; fileRef = 8EDD336727CDF0D500814BA0 /* LoginController.swift */; };
/* End PBXBuildFile section */

/* Begin PBXFileReference section */
		8E168A7F27BD02DA00816E99 /* UIColor+.swift */ = {isa = PBXFileReference; lastKnownFileType = sourcecode.swift; path = "UIColor+.swift"; sourceTree = "<group>"; };
		8E8B673427BD1D7300FE3FEC /* GoogleService-Info.plist */ = {isa = PBXFileReference; fileEncoding = 4; lastKnownFileType = text.plist.xml; path = "GoogleService-Info.plist"; sourceTree = "<group>"; };
		8E8B673D27BE0AE200FE3FEC /* MainTabBarController.swift */ = {isa = PBXFileReference; lastKnownFileType = sourcecode.swift; path = MainTabBarController.swift; sourceTree = "<group>"; };
		8E8B673F27BE0C1300FE3FEC /* UserProfileController.swift */ = {isa = PBXFileReference; lastKnownFileType = sourcecode.swift; path = UserProfileController.swift; sourceTree = "<group>"; };
		8E8B674327BE5E5700FE3FEC /* UserProfilerHeader.swift */ = {isa = PBXFileReference; lastKnownFileType = sourcecode.swift; path = UserProfilerHeader.swift; sourceTree = "<group>"; };
		8E8B674627BE7D1A00FE3FEC /* User.swift */ = {isa = PBXFileReference; lastKnownFileType = sourcecode.swift; path = User.swift; sourceTree = "<group>"; };
		8EB7C0D327BCC0F4003B4047 /* InstagramFirebase.app */ = {isa = PBXFileReference; explicitFileType = wrapper.application; includeInIndex = 0; path = InstagramFirebase.app; sourceTree = BUILT_PRODUCTS_DIR; };
		8EB7C0D627BCC0F4003B4047 /* AppDelegate.swift */ = {isa = PBXFileReference; lastKnownFileType = sourcecode.swift; path = AppDelegate.swift; sourceTree = "<group>"; };
		8EB7C0D827BCC0F4003B4047 /* SceneDelegate.swift */ = {isa = PBXFileReference; lastKnownFileType = sourcecode.swift; path = SceneDelegate.swift; sourceTree = "<group>"; };
		8EB7C0DA27BCC0F4003B4047 /* SignUpController.swift */ = {isa = PBXFileReference; lastKnownFileType = sourcecode.swift; path = SignUpController.swift; sourceTree = "<group>"; };
		8EB7C0DD27BCC0F4003B4047 /* Base */ = {isa = PBXFileReference; lastKnownFileType = file.storyboard; name = Base; path = Base.lproj/Main.storyboard; sourceTree = "<group>"; };
		8EB7C0DF27BCC0F7003B4047 /* Assets.xcassets */ = {isa = PBXFileReference; lastKnownFileType = folder.assetcatalog; path = Assets.xcassets; sourceTree = "<group>"; };
		8EB7C0E227BCC0F7003B4047 /* Base */ = {isa = PBXFileReference; lastKnownFileType = file.storyboard; name = Base; path = Base.lproj/LaunchScreen.storyboard; sourceTree = "<group>"; };
		8EB7C0E427BCC0F7003B4047 /* Info.plist */ = {isa = PBXFileReference; lastKnownFileType = text.plist.xml; path = Info.plist; sourceTree = "<group>"; };
		8EDD336727CDF0D500814BA0 /* LoginController.swift */ = {isa = PBXFileReference; lastKnownFileType = sourcecode.swift; path = LoginController.swift; sourceTree = "<group>"; };
/* End PBXFileReference section */

/* Begin PBXFrameworksBuildPhase section */
		8EB7C0D027BCC0F4003B4047 /* Frameworks */ = {
			isa = PBXFrameworksBuildPhase;
			buildActionMask = 2147483647;
			files = (
				8E8B673A27BD3B2300FE3FEC /* FirebaseDatabase in Frameworks */,
				8E8538C627CA3CAE007C3869 /* SnapKit in Frameworks */,
				8E8B673827BD3B2300FE3FEC /* FirebaseAuth in Frameworks */,
				8E8B673C27BD3B2300FE3FEC /* FirebaseStorage in Frameworks */,
			);
			runOnlyForDeploymentPostprocessing = 0;
		};
/* End PBXFrameworksBuildPhase section */

/* Begin PBXGroup section */
		8E168A7E27BD02B900816E99 /* Utils */ = {
			isa = PBXGroup;
			children = (
				8E168A7F27BD02DA00816E99 /* UIColor+.swift */,
			);
			path = Utils;
			sourceTree = "<group>";
		};
		8E8B674127BE0C7C00FE3FEC /* Core */ = {
			isa = PBXGroup;
			children = (
				8EB7C0D627BCC0F4003B4047 /* AppDelegate.swift */,
				8EB7C0D827BCC0F4003B4047 /* SceneDelegate.swift */,
			);
			path = Core;
			sourceTree = "<group>";
		};
		8E8B674227BE5E1000FE3FEC /* UserProfile */ = {
			isa = PBXGroup;
			children = (
				8E8B673F27BE0C1300FE3FEC /* UserProfileController.swift */,
				8E8B674327BE5E5700FE3FEC /* UserProfilerHeader.swift */,
			);
			path = UserProfile;
			sourceTree = "<group>";
		};
		8E8B674527BE7D0200FE3FEC /* Entities */ = {
			isa = PBXGroup;
			children = (
				8E8B674627BE7D1A00FE3FEC /* User.swift */,
			);
			path = Entities;
			sourceTree = "<group>";
		};
		8EB7C0CA27BCC0F4003B4047 = {
			isa = PBXGroup;
			children = (
				8EB7C0D527BCC0F4003B4047 /* InstagramFirebase */,
				8EB7C0D427BCC0F4003B4047 /* Products */,
			);
			sourceTree = "<group>";
		};
		8EB7C0D427BCC0F4003B4047 /* Products */ = {
			isa = PBXGroup;
			children = (
				8EB7C0D327BCC0F4003B4047 /* InstagramFirebase.app */,
			);
			name = Products;
			sourceTree = "<group>";
		};
		8EB7C0D527BCC0F4003B4047 /* InstagramFirebase */ = {
			isa = PBXGroup;
			children = (
				8EDD336627CDF0AD00814BA0 /* Login */,
				8E8B674527BE7D0200FE3FEC /* Entities */,
				8E168A7E27BD02B900816E99 /* Utils */,
				8E8B674127BE0C7C00FE3FEC /* Core */,
				8E8B674227BE5E1000FE3FEC /* UserProfile */,
				8E8B673D27BE0AE200FE3FEC /* MainTabBarController.swift */,
				8EB7C0DC27BCC0F4003B4047 /* Main.storyboard */,
				8EB7C0DF27BCC0F7003B4047 /* Assets.xcassets */,
				8EB7C0E127BCC0F7003B4047 /* LaunchScreen.storyboard */,
				8EB7C0E427BCC0F7003B4047 /* Info.plist */,
				8E8B673427BD1D7300FE3FEC /* GoogleService-Info.plist */,
			);
			path = InstagramFirebase;
			sourceTree = "<group>";
		};
		8EDD336627CDF0AD00814BA0 /* Login */ = {
			isa = PBXGroup;
			children = (
				8EDD336727CDF0D500814BA0 /* LoginController.swift */,
				8EB7C0DA27BCC0F4003B4047 /* SignUpController.swift */,
			);
			path = Login;
			sourceTree = "<group>";
		};
/* End PBXGroup section */

/* Begin PBXNativeTarget section */
		8EB7C0D227BCC0F4003B4047 /* InstagramFirebase */ = {
			isa = PBXNativeTarget;
			buildConfigurationList = 8EB7C0E727BCC0F7003B4047 /* Build configuration list for PBXNativeTarget "InstagramFirebase" */;
			buildPhases = (
				8EB7C0CF27BCC0F4003B4047 /* Sources */,
				8EB7C0D027BCC0F4003B4047 /* Frameworks */,
				8EB7C0D127BCC0F4003B4047 /* Resources */,
			);
			buildRules = (
			);
			dependencies = (
			);
			name = InstagramFirebase;
			packageProductDependencies = (
				8E8B673727BD3B2300FE3FEC /* FirebaseAuth */,
				8E8B673927BD3B2300FE3FEC /* FirebaseDatabase */,
				8E8B673B27BD3B2300FE3FEC /* FirebaseStorage */,
				8E8538C527CA3CAE007C3869 /* SnapKit */,
			);
			productName = InstagramFirebase;
			productReference = 8EB7C0D327BCC0F4003B4047 /* InstagramFirebase.app */;
			productType = "com.apple.product-type.application";
		};
/* End PBXNativeTarget section */

/* Begin PBXProject section */
		8EB7C0CB27BCC0F4003B4047 /* Project object */ = {
			isa = PBXProject;
			attributes = {
				BuildIndependentTargetsInParallel = 1;
				LastSwiftUpdateCheck = 1320;
				LastUpgradeCheck = 1320;
				TargetAttributes = {
					8EB7C0D227BCC0F4003B4047 = {
						CreatedOnToolsVersion = 13.2.1;
					};
				};
			};
			buildConfigurationList = 8EB7C0CE27BCC0F4003B4047 /* Build configuration list for PBXProject "InstagramFirebase" */;
			compatibilityVersion = "Xcode 13.0";
			developmentRegion = en;
			hasScannedForEncodings = 0;
			knownRegions = (
				en,
				Base,
			);
			mainGroup = 8EB7C0CA27BCC0F4003B4047;
			packageReferences = (
				8E8B673627BD3B2300FE3FEC /* XCRemoteSwiftPackageReference "firebase-ios-sdk" */,
				8E8538C427CA3CAD007C3869 /* XCRemoteSwiftPackageReference "SnapKit" */,
			);
			productRefGroup = 8EB7C0D427BCC0F4003B4047 /* Products */;
			projectDirPath = "";
			projectRoot = "";
			targets = (
				8EB7C0D227BCC0F4003B4047 /* InstagramFirebase */,
			);
		};
/* End PBXProject section */

/* Begin PBXResourcesBuildPhase section */
		8EB7C0D127BCC0F4003B4047 /* Resources */ = {
			isa = PBXResourcesBuildPhase;
			buildActionMask = 2147483647;
			files = (
				8EB7C0E327BCC0F7003B4047 /* LaunchScreen.storyboard in Resources */,
				8E8B673527BD1D7300FE3FEC /* GoogleService-Info.plist in Resources */,
				8EB7C0E027BCC0F7003B4047 /* Assets.xcassets in Resources */,
				8EB7C0DE27BCC0F4003B4047 /* Main.storyboard in Resources */,
			);
			runOnlyForDeploymentPostprocessing = 0;
		};
/* End PBXResourcesBuildPhase section */

/* Begin PBXSourcesBuildPhase section */
		8EB7C0CF27BCC0F4003B4047 /* Sources */ = {
			isa = PBXSourcesBuildPhase;
			buildActionMask = 2147483647;
			files = (
				8EB7C0DB27BCC0F4003B4047 /* SignUpController.swift in Sources */,
				8E168A8027BD02DA00816E99 /* UIColor+.swift in Sources */,
				8E8B674027BE0C1300FE3FEC /* UserProfileController.swift in Sources */,
				8E8B673E27BE0AE200FE3FEC /* MainTabBarController.swift in Sources */,
				8EDD336827CDF0D500814BA0 /* LoginController.swift in Sources */,
				8E8B674727BE7D1A00FE3FEC /* User.swift in Sources */,
				8EB7C0D727BCC0F4003B4047 /* AppDelegate.swift in Sources */,
				8EB7C0D927BCC0F4003B4047 /* SceneDelegate.swift in Sources */,
				8E8B674427BE5E5700FE3FEC /* UserProfilerHeader.swift in Sources */,
			);
			runOnlyForDeploymentPostprocessing = 0;
		};
/* End PBXSourcesBuildPhase section */

/* Begin PBXVariantGroup section */
		8EB7C0DC27BCC0F4003B4047 /* Main.storyboard */ = {
			isa = PBXVariantGroup;
			children = (
				8EB7C0DD27BCC0F4003B4047 /* Base */,
			);
			name = Main.storyboard;
			sourceTree = "<group>";
		};
		8EB7C0E127BCC0F7003B4047 /* LaunchScreen.storyboard */ = {
			isa = PBXVariantGroup;
			children = (
				8EB7C0E227BCC0F7003B4047 /* Base */,
			);
			name = LaunchScreen.storyboard;
			sourceTree = "<group>";
		};
/* End PBXVariantGroup section */

/* Begin XCBuildConfiguration section */
		8EB7C0E527BCC0F7003B4047 /* Debug */ = {
			isa = XCBuildConfiguration;
			buildSettings = {
				ALWAYS_SEARCH_USER_PATHS = NO;
				CLANG_ANALYZER_NONNULL = YES;
				CLANG_ANALYZER_NUMBER_OBJECT_CONVERSION = YES_AGGRESSIVE;
				CLANG_CXX_LANGUAGE_STANDARD = "gnu++17";
				CLANG_CXX_LIBRARY = "libc++";
				CLANG_ENABLE_MODULES = YES;
				CLANG_ENABLE_OBJC_ARC = YES;
				CLANG_ENABLE_OBJC_WEAK = YES;
				CLANG_WARN_BLOCK_CAPTURE_AUTORELEASING = YES;
				CLANG_WARN_BOOL_CONVERSION = YES;
				CLANG_WARN_COMMA = YES;
				CLANG_WARN_CONSTANT_CONVERSION = YES;
				CLANG_WARN_DEPRECATED_OBJC_IMPLEMENTATIONS = YES;
				CLANG_WARN_DIRECT_OBJC_ISA_USAGE = YES_ERROR;
				CLANG_WARN_DOCUMENTATION_COMMENTS = YES;
				CLANG_WARN_EMPTY_BODY = YES;
				CLANG_WARN_ENUM_CONVERSION = YES;
				CLANG_WARN_INFINITE_RECURSION = YES;
				CLANG_WARN_INT_CONVERSION = YES;
				CLANG_WARN_NON_LITERAL_NULL_CONVERSION = YES;
				CLANG_WARN_OBJC_IMPLICIT_RETAIN_SELF = YES;
				CLANG_WARN_OBJC_LITERAL_CONVERSION = YES;
				CLANG_WARN_OBJC_ROOT_CLASS = YES_ERROR;
				CLANG_WARN_QUOTED_INCLUDE_IN_FRAMEWORK_HEADER = YES;
				CLANG_WARN_RANGE_LOOP_ANALYSIS = YES;
				CLANG_WARN_STRICT_PROTOTYPES = YES;
				CLANG_WARN_SUSPICIOUS_MOVE = YES;
				CLANG_WARN_UNGUARDED_AVAILABILITY = YES_AGGRESSIVE;
				CLANG_WARN_UNREACHABLE_CODE = YES;
				CLANG_WARN__DUPLICATE_METHOD_MATCH = YES;
				COPY_PHASE_STRIP = NO;
				DEBUG_INFORMATION_FORMAT = dwarf;
				ENABLE_STRICT_OBJC_MSGSEND = YES;
				ENABLE_TESTABILITY = YES;
				GCC_C_LANGUAGE_STANDARD = gnu11;
				GCC_DYNAMIC_NO_PIC = NO;
				GCC_NO_COMMON_BLOCKS = YES;
				GCC_OPTIMIZATION_LEVEL = 0;
				GCC_PREPROCESSOR_DEFINITIONS = (
					"DEBUG=1",
					"$(inherited)",
				);
				GCC_WARN_64_TO_32_BIT_CONVERSION = YES;
				GCC_WARN_ABOUT_RETURN_TYPE = YES_ERROR;
				GCC_WARN_UNDECLARED_SELECTOR = YES;
				GCC_WARN_UNINITIALIZED_AUTOS = YES_AGGRESSIVE;
				GCC_WARN_UNUSED_FUNCTION = YES;
				GCC_WARN_UNUSED_VARIABLE = YES;
				IPHONEOS_DEPLOYMENT_TARGET = 15.2;
				MTL_ENABLE_DEBUG_INFO = INCLUDE_SOURCE;
				MTL_FAST_MATH = YES;
				ONLY_ACTIVE_ARCH = YES;
				SDKROOT = iphoneos;
				SWIFT_ACTIVE_COMPILATION_CONDITIONS = DEBUG;
				SWIFT_OPTIMIZATION_LEVEL = "-Onone";
			};
			name = Debug;
		};
		8EB7C0E627BCC0F7003B4047 /* Release */ = {
			isa = XCBuildConfiguration;
			buildSettings = {
				ALWAYS_SEARCH_USER_PATHS = NO;
				CLANG_ANALYZER_NONNULL = YES;
				CLANG_ANALYZER_NUMBER_OBJECT_CONVERSION = YES_AGGRESSIVE;
				CLANG_CXX_LANGUAGE_STANDARD = "gnu++17";
				CLANG_CXX_LIBRARY = "libc++";
				CLANG_ENABLE_MODULES = YES;
				CLANG_ENABLE_OBJC_ARC = YES;
				CLANG_ENABLE_OBJC_WEAK = YES;
				CLANG_WARN_BLOCK_CAPTURE_AUTORELEASING = YES;
				CLANG_WARN_BOOL_CONVERSION = YES;
				CLANG_WARN_COMMA = YES;
				CLANG_WARN_CONSTANT_CONVERSION = YES;
				CLANG_WARN_DEPRECATED_OBJC_IMPLEMENTATIONS = YES;
				CLANG_WARN_DIRECT_OBJC_ISA_USAGE = YES_ERROR;
				CLANG_WARN_DOCUMENTATION_COMMENTS = YES;
				CLANG_WARN_EMPTY_BODY = YES;
				CLANG_WARN_ENUM_CONVERSION = YES;
				CLANG_WARN_INFINITE_RECURSION = YES;
				CLANG_WARN_INT_CONVERSION = YES;
				CLANG_WARN_NON_LITERAL_NULL_CONVERSION = YES;
				CLANG_WARN_OBJC_IMPLICIT_RETAIN_SELF = YES;
				CLANG_WARN_OBJC_LITERAL_CONVERSION = YES;
				CLANG_WARN_OBJC_ROOT_CLASS = YES_ERROR;
				CLANG_WARN_QUOTED_INCLUDE_IN_FRAMEWORK_HEADER = YES;
				CLANG_WARN_RANGE_LOOP_ANALYSIS = YES;
				CLANG_WARN_STRICT_PROTOTYPES = YES;
				CLANG_WARN_SUSPICIOUS_MOVE = YES;
				CLANG_WARN_UNGUARDED_AVAILABILITY = YES_AGGRESSIVE;
				CLANG_WARN_UNREACHABLE_CODE = YES;
				CLANG_WARN__DUPLICATE_METHOD_MATCH = YES;
				COPY_PHASE_STRIP = NO;
				DEBUG_INFORMATION_FORMAT = "dwarf-with-dsym";
				ENABLE_NS_ASSERTIONS = NO;
				ENABLE_STRICT_OBJC_MSGSEND = YES;
				GCC_C_LANGUAGE_STANDARD = gnu11;
				GCC_NO_COMMON_BLOCKS = YES;
				GCC_WARN_64_TO_32_BIT_CONVERSION = YES;
				GCC_WARN_ABOUT_RETURN_TYPE = YES_ERROR;
				GCC_WARN_UNDECLARED_SELECTOR = YES;
				GCC_WARN_UNINITIALIZED_AUTOS = YES_AGGRESSIVE;
				GCC_WARN_UNUSED_FUNCTION = YES;
				GCC_WARN_UNUSED_VARIABLE = YES;
				IPHONEOS_DEPLOYMENT_TARGET = 15.2;
				MTL_ENABLE_DEBUG_INFO = NO;
				MTL_FAST_MATH = YES;
				SDKROOT = iphoneos;
				SWIFT_COMPILATION_MODE = wholemodule;
				SWIFT_OPTIMIZATION_LEVEL = "-O";
				VALIDATE_PRODUCT = YES;
			};
			name = Release;
		};
		8EB7C0E827BCC0F7003B4047 /* Debug */ = {
			isa = XCBuildConfiguration;
			buildSettings = {
				ASSETCATALOG_COMPILER_APPICON_NAME = AppIcon;
				ASSETCATALOG_COMPILER_GLOBAL_ACCENT_COLOR_NAME = AccentColor;
				CODE_SIGN_STYLE = Automatic;
				CURRENT_PROJECT_VERSION = 1;
				DEVELOPMENT_TEAM = V3N35J8PAK;
				GENERATE_INFOPLIST_FILE = YES;
				INFOPLIST_FILE = InstagramFirebase/Info.plist;
				INFOPLIST_KEY_UIApplicationSupportsIndirectInputEvents = YES;
				INFOPLIST_KEY_UILaunchStoryboardName = LaunchScreen;
				INFOPLIST_KEY_UIMainStoryboardFile = Main;
				INFOPLIST_KEY_UISupportedInterfaceOrientations_iPad = "UIInterfaceOrientationPortrait UIInterfaceOrientationPortraitUpsideDown UIInterfaceOrientationLandscapeLeft UIInterfaceOrientationLandscapeRight";
				INFOPLIST_KEY_UISupportedInterfaceOrientations_iPhone = "UIInterfaceOrientationPortrait UIInterfaceOrientationLandscapeLeft UIInterfaceOrientationLandscapeRight";
				LD_RUNPATH_SEARCH_PATHS = (
					"$(inherited)",
					"@executable_path/Frameworks",
				);
				MARKETING_VERSION = 1.0;
				PRODUCT_BUNDLE_IDENTIFIER = ArdakDev.InstagramFirebase;
				PRODUCT_NAME = "$(TARGET_NAME)";
				SWIFT_EMIT_LOC_STRINGS = YES;
				SWIFT_VERSION = 5.0;
				TARGETED_DEVICE_FAMILY = "1,2";
			};
			name = Debug;
		};
		8EB7C0E927BCC0F7003B4047 /* Release */ = {
			isa = XCBuildConfiguration;
			buildSettings = {
				ASSETCATALOG_COMPILER_APPICON_NAME = AppIcon;
				ASSETCATALOG_COMPILER_GLOBAL_ACCENT_COLOR_NAME = AccentColor;
				CODE_SIGN_STYLE = Automatic;
				CURRENT_PROJECT_VERSION = 1;
				DEVELOPMENT_TEAM = V3N35J8PAK;
				GENERATE_INFOPLIST_FILE = YES;
				INFOPLIST_FILE = InstagramFirebase/Info.plist;
				INFOPLIST_KEY_UIApplicationSupportsIndirectInputEvents = YES;
				INFOPLIST_KEY_UILaunchStoryboardName = LaunchScreen;
				INFOPLIST_KEY_UIMainStoryboardFile = Main;
				INFOPLIST_KEY_UISupportedInterfaceOrientations_iPad = "UIInterfaceOrientationPortrait UIInterfaceOrientationPortraitUpsideDown UIInterfaceOrientationLandscapeLeft UIInterfaceOrientationLandscapeRight";
				INFOPLIST_KEY_UISupportedInterfaceOrientations_iPhone = "UIInterfaceOrientationPortrait UIInterfaceOrientationLandscapeLeft UIInterfaceOrientationLandscapeRight";
				LD_RUNPATH_SEARCH_PATHS = (
					"$(inherited)",
					"@executable_path/Frameworks",
				);
				MARKETING_VERSION = 1.0;
				PRODUCT_BUNDLE_IDENTIFIER = ArdakDev.InstagramFirebase;
				PRODUCT_NAME = "$(TARGET_NAME)";
				SWIFT_EMIT_LOC_STRINGS = YES;
				SWIFT_VERSION = 5.0;
				TARGETED_DEVICE_FAMILY = "1,2";
			};
			name = Release;
		};
/* End XCBuildConfiguration section */

/* Begin XCConfigurationList section */
		8EB7C0CE27BCC0F4003B4047 /* Build configuration list for PBXProject "InstagramFirebase" */ = {
			isa = XCConfigurationList;
			buildConfigurations = (
				8EB7C0E527BCC0F7003B4047 /* Debug */,
				8EB7C0E627BCC0F7003B4047 /* Release */,
			);
			defaultConfigurationIsVisible = 0;
			defaultConfigurationName = Release;
		};
		8EB7C0E727BCC0F7003B4047 /* Build configuration list for PBXNativeTarget "InstagramFirebase" */ = {
			isa = XCConfigurationList;
			buildConfigurations = (
				8EB7C0E827BCC0F7003B4047 /* Debug */,
				8EB7C0E927BCC0F7003B4047 /* Release */,
			);
			defaultConfigurationIsVisible = 0;
			defaultConfigurationName = Release;
		};
/* End XCConfigurationList section */

/* Begin XCRemoteSwiftPackageReference section */
		8E8538C427CA3CAD007C3869 /* XCRemoteSwiftPackageReference "SnapKit" */ = {
			isa = XCRemoteSwiftPackageReference;
			repositoryURL = "https://github.com/SnapKit/SnapKit.git";
			requirement = {
				kind = upToNextMajorVersion;
				minimumVersion = 5.0.1;
			};
		};
		8E8B673627BD3B2300FE3FEC /* XCRemoteSwiftPackageReference "firebase-ios-sdk" */ = {
			isa = XCRemoteSwiftPackageReference;
			repositoryURL = "https://github.com/firebase/firebase-ios-sdk";
			requirement = {
				branch = master;
				kind = branch;
			};
		};
/* End XCRemoteSwiftPackageReference section */

/* Begin XCSwiftPackageProductDependency section */
		8E8538C527CA3CAE007C3869 /* SnapKit */ = {
			isa = XCSwiftPackageProductDependency;
			package = 8E8538C427CA3CAD007C3869 /* XCRemoteSwiftPackageReference "SnapKit" */;
			productName = SnapKit;
		};
		8E8B673727BD3B2300FE3FEC /* FirebaseAuth */ = {
			isa = XCSwiftPackageProductDependency;
			package = 8E8B673627BD3B2300FE3FEC /* XCRemoteSwiftPackageReference "firebase-ios-sdk" */;
			productName = FirebaseAuth;
		};
		8E8B673927BD3B2300FE3FEC /* FirebaseDatabase */ = {
			isa = XCSwiftPackageProductDependency;
			package = 8E8B673627BD3B2300FE3FEC /* XCRemoteSwiftPackageReference "firebase-ios-sdk" */;
			productName = FirebaseDatabase;
		};
		8E8B673B27BD3B2300FE3FEC /* FirebaseStorage */ = {
			isa = XCSwiftPackageProductDependency;
			package = 8E8B673627BD3B2300FE3FEC /* XCRemoteSwiftPackageReference "firebase-ios-sdk" */;
			productName = FirebaseStorage;
		};
/* End XCSwiftPackageProductDependency section */
	};
	rootObject = 8EB7C0CB27BCC0F4003B4047 /* Project object */;
}
